
Microsoft Visual Studio Solution File, Format Version 12.00
# Visual Studio Version 17
VisualStudioVersion = 17.14.37012.4 d17.14
MinimumVisualStudioVersion = 10.0.40219.1
Project("{FAE04EC0-301F-11D3-BF4B-00C04F79EFBC}") = "LibraryTelegramBot новий", "LibraryTelegramBot новий\LibraryTelegramBot новий.csproj", "{C8643CE3-6ECC-4926-8256-8FEE81118C27}"
EndProject
Global
	GlobalSection(SolutionConfigurationPlatforms) = preSolution
		Debug|Any CPU = Debug|Any CPU
		Release|Any CPU = Release|Any CPU
	EndGlobalSection
	GlobalSection(ProjectConfigurationPlatforms) = postSolution
		{C8643CE3-6ECC-4926-8256-8FEE81118C27}.Debug|Any CPU.ActiveCfg = Debug|Any CPU
		{C8643CE3-6ECC-4926-8256-8FEE81118C27}.Debug|Any CPU.Build.0 = Debug|Any CPU
		{C8643CE3-6ECC-4926-8256-8FEE81118C27}.Release|Any CPU.ActiveCfg = Release|Any CPU
		{C8643CE3-6ECC-4926-8256-8FEE81118C27}.Release|Any CPU.Build.0 = Release|Any CPU
	EndGlobalSection
	GlobalSection(SolutionProperties) = preSolution
		HideSolutionNode = FALSE
	EndGlobalSection
	GlobalSection(ExtensibilityGlobals) = postSolution
		SolutionGuid = {A7DB74F4-E166-4C49-929E-11B610FDCD52}
	EndGlobalSection
EndGlobal
